
Microsoft Visual Studio Solution File, Format Version 12.00
# Visual Studio 15
VisualStudioVersion = 15.0.28307.1169
MinimumVisualStudioVersion = 10.0.40219.1
Project("{FAE04EC0-301F-11D3-BF4B-00C04F79EFBC}") = "LuhnAlgorithm", "LuhnAlgorithm\LuhnAlgorithm.csproj", "{2E534AC9-0CF5-47EB-A3DD-BD2F675C2BD5}"
EndProject
Project("{FAE04EC0-301F-11D3-BF4B-00C04F79EFBC}") = "LuhnAlgorithm.Tests", "LuhnAlgorithm.Tests\LuhnAlgorithm.Tests.csproj", "{D9F11497-54A9-4961-B57C-3F2865CF8771}"
EndProject
Global
	GlobalSection(SolutionConfigurationPlatforms) = preSolution
		Debug|Any CPU = Debug|Any CPU
		Release|Any CPU = Release|Any CPU
	EndGlobalSection
	GlobalSection(ProjectConfigurationPlatforms) = postSolution
		{2E534AC9-0CF5-47EB-A3DD-BD2F675C2BD5}.Debug|Any CPU.ActiveCfg = Debug|Any CPU
		{2E534AC9-0CF5-47EB-A3DD-BD2F675C2BD5}.Debug|Any CPU.Build.0 = Debug|Any CPU
		{2E534AC9-0CF5-47EB-A3DD-BD2F675C2BD5}.Release|Any CPU.ActiveCfg = Release|Any CPU
		{2E534AC9-0CF5-47EB-A3DD-BD2F675C2BD5}.Release|Any CPU.Build.0 = Release|Any CPU
		{D9F11497-54A9-4961-B57C-3F2865CF8771}.Debug|Any CPU.ActiveCfg = Debug|Any CPU
		{D9F11497-54A9-4961-B57C-3F2865CF8771}.Debug|Any CPU.Build.0 = Debug|Any CPU
		{D9F11497-54A9-4961-B57C-3F2865CF8771}.Release|Any CPU.ActiveCfg = Release|Any CPU
		{D9F11497-54A9-4961-B57C-3F2865CF8771}.Release|Any CPU.Build.0 = Release|Any CPU
	EndGlobalSection
	GlobalSection(SolutionProperties) = preSolution
		HideSolutionNode = FALSE
	EndGlobalSection
	GlobalSection(ExtensibilityGlobals) = postSolution
		SolutionGuid = {54CB70F0-03F5-45C9-94F0-28DF8CD00295}
	EndGlobalSection
EndGlobal
